{
  "name": "shuozhao-academic-skills",
  "version": "1.6.7",
  "lockfileVersion": 3,
  "requires": true,
  "packages": {
    "": {
      "name": "shuozhao-academic-skills",
      "version": "1.4.1",
      "hasInstallScript": true,
      "license": "MIT",
      "bin": {
        "aut-sci-write-init-env": "init-env.js",
        "skills-cli": "skills-cli.js"
      },
      "engines": {
        "node": ">=18.0.0"
      }
    }
  }
}
